// !$*UTF8*$!
{
	archiveVersion = 1;
	classes = {
	};
	objectVersion = 55;
	objects = {

/* Begin PBXBuildFile section */
		7D045167280C22590005A780 /* marvel 2.otf in Resources */ = {isa = PBXBuildFile; fileRef = 7D045166280C22590005A780 /* marvel 2.otf */; };
		7D5E6495280CAD500039BF8D /* ComicsListView.swift in Sources */ = {isa = PBXBuildFile; fileRef = 7D5E6494280CAD4F0039BF8D /* ComicsListView.swift */; };
		7D5E649728107A7B0039BF8D /* SpiderManList.swift in Sources */ = {isa = PBXBuildFile; fileRef = 7D5E649628107A7A0039BF8D /* SpiderManList.swift */; };
		7D60F362280C28A800C33F39 /* ColorExtension.swift in Sources */ = {isa = PBXBuildFile; fileRef = 7D60F361280C28A800C33F39 /* ColorExtension.swift */; };
		7D8A006F280812A6008F0BE2 /* HW_24_Alamofire_projectApp.swift in Sources */ = {isa = PBXBuildFile; fileRef = 7D8A006E280812A6008F0BE2 /* HW_24_Alamofire_projectApp.swift */; };
		7D8A0071280812A6008F0BE2 /* ContentView.swift in Sources */ = {isa = PBXBuildFile; fileRef = 7D8A0070280812A6008F0BE2 /* ContentView.swift */; };
		7D8A0073280812A8008F0BE2 /* Assets.xcassets in Resources */ = {isa = PBXBuildFile; fileRef = 7D8A0072280812A8008F0BE2 /* Assets.xcassets */; };
		7D8A0076280812A8008F0BE2 /* Preview Assets.xcassets in Resources */ = {isa = PBXBuildFile; fileRef = 7D8A0075280812A8008F0BE2 /* Preview Assets.xcassets */; };
		7D8A007E2808152E008F0BE2 /* Alamofire in Frameworks */ = {isa = PBXBuildFile; productRef = 7D8A007D2808152E008F0BE2 /* Alamofire */; };
		7D8A00822808157F008F0BE2 /* CellView.swift in Sources */ = {isa = PBXBuildFile; fileRef = 7D8A00812808157F008F0BE2 /* CellView.swift */; };
		7D8A0084280815A5008F0BE2 /* TableView.swift in Sources */ = {isa = PBXBuildFile; fileRef = 7D8A0083280815A4008F0BE2 /* TableView.swift */; };
		7D8A0087280815BB008F0BE2 /* NetworkManager.swift in Sources */ = {isa = PBXBuildFile; fileRef = 7D8A0086280815BB008F0BE2 /* NetworkManager.swift */; };
		7D8A008A280815D2008F0BE2 /* CardModel.swift in Sources */ = {isa = PBXBuildFile; fileRef = 7D8A0089280815D2008F0BE2 /* CardModel.swift */; };
		7D8A008C280AAF0C008F0BE2 /* URLConfiguration.swift in Sources */ = {isa = PBXBuildFile; fileRef = 7D8A008B280AAF0C008F0BE2 /* URLConfiguration.swift */; };
		7D8A008F280AAF4F008F0BE2 /* StringExtension.swift in Sources */ = {isa = PBXBuildFile; fileRef = 7D8A008E280AAF4F008F0BE2 /* StringExtension.swift */; };
		7D8A0091280B54D2008F0BE2 /* Controller.swift in Sources */ = {isa = PBXBuildFile; fileRef = 7D8A0090280B54D2008F0BE2 /* Controller.swift */; };
/* End PBXBuildFile section */

/* Begin PBXFileReference section */
		7D045161280C20B00005A780 /* HW-24-Alamofire-project-Info.plist */ = {isa = PBXFileReference; lastKnownFileType = text.plist; path = "HW-24-Alamofire-project-Info.plist"; sourceTree = SOURCE_ROOT; };
		7D045166280C22590005A780 /* marvel 2.otf */ = {isa = PBXFileReference; lastKnownFileType = file; path = "marvel 2.otf"; sourceTree = "<group>"; };
		7D5E6494280CAD4F0039BF8D /* ComicsListView.swift */ = {isa = PBXFileReference; lastKnownFileType = sourcecode.swift; path = ComicsListView.swift; sourceTree = "<group>"; };
		7D5E649628107A7A0039BF8D /* SpiderManList.swift */ = {isa = PBXFileReference; lastKnownFileType = sourcecode.swift; path = SpiderManList.swift; sourceTree = "<group>"; };
		7D60F361280C28A800C33F39 /* ColorExtension.swift */ = {isa = PBXFileReference; lastKnownFileType = sourcecode.swift; path = ColorExtension.swift; sourceTree = "<group>"; };
		7D8A006B280812A6008F0BE2 /* HW-24 Alamofire project.app */ = {isa = PBXFileReference; explicitFileType = wrapper.application; includeInIndex = 0; path = "HW-24 Alamofire project.app"; sourceTree = BUILT_PRODUCTS_DIR; };
		7D8A006E280812A6008F0BE2 /* HW_24_Alamofire_projectApp.swift */ = {isa = PBXFileReference; lastKnownFileType = sourcecode.swift; path = HW_24_Alamofire_projectApp.swift; sourceTree = "<group>"; };
		7D8A0070280812A6008F0BE2 /* ContentView.swift */ = {isa = PBXFileReference; lastKnownFileType = sourcecode.swift; path = ContentView.swift; sourceTree = "<group>"; };
		7D8A0072280812A8008F0BE2 /* Assets.xcassets */ = {isa = PBXFileReference; lastKnownFileType = folder.assetcatalog; path = Assets.xcassets; sourceTree = "<group>"; };
		7D8A0075280812A8008F0BE2 /* Preview Assets.xcassets */ = {isa = PBXFileReference; lastKnownFileType = folder.assetcatalog; path = "Preview Assets.xcassets"; sourceTree = "<group>"; };
		7D8A00812808157F008F0BE2 /* CellView.swift */ = {isa = PBXFileReference; lastKnownFileType = sourcecode.swift; path = CellView.swift; sourceTree = "<group>"; };
		7D8A0083280815A4008F0BE2 /* TableView.swift */ = {isa = PBXFileReference; lastKnownFileType = sourcecode.swift; path = TableView.swift; sourceTree = "<group>"; };
		7D8A0086280815BB008F0BE2 /* NetworkManager.swift */ = {isa = PBXFileReference; lastKnownFileType = sourcecode.swift; path = NetworkManager.swift; sourceTree = "<group>"; };
		7D8A0089280815D2008F0BE2 /* CardModel.swift */ = {isa = PBXFileReference; lastKnownFileType = sourcecode.swift; path = CardModel.swift; sourceTree = "<group>"; };
		7D8A008B280AAF0C008F0BE2 /* URLConfiguration.swift */ = {isa = PBXFileReference; lastKnownFileType = sourcecode.swift; path = URLConfiguration.swift; sourceTree = "<group>"; };
		7D8A008E280AAF4F008F0BE2 /* StringExtension.swift */ = {isa = PBXFileReference; lastKnownFileType = sourcecode.swift; path = StringExtension.swift; sourceTree = "<group>"; };
		7D8A0090280B54D2008F0BE2 /* Controller.swift */ = {isa = PBXFileReference; lastKnownFileType = sourcecode.swift; path = Controller.swift; sourceTree = "<group>"; };
/* End PBXFileReference section */

/* Begin PBXFrameworksBuildPhase section */
		7D8A0068280812A6008F0BE2 /* Frameworks */ = {
			isa = PBXFrameworksBuildPhase;
			buildActionMask = 2147483647;
			files = (
				7D8A007E2808152E008F0BE2 /* Alamofire in Frameworks */,
			);
			runOnlyForDeploymentPostprocessing = 0;
		};
/* End PBXFrameworksBuildPhase section */

/* Begin PBXGroup section */
		7D045164280C21480005A780 /* Fonts */ = {
			isa = PBXGroup;
			children = (
				7D045166280C22590005A780 /* marvel 2.otf */,
			);
			path = Fonts;
			sourceTree = "<group>";
		};
		7D8A0062280812A6008F0BE2 = {
			isa = PBXGroup;
			children = (
				7D8A006D280812A6008F0BE2 /* HW-24 Alamofire project */,
				7D8A006C280812A6008F0BE2 /* Products */,
			);
			sourceTree = "<group>";
		};
		7D8A006C280812A6008F0BE2 /* Products */ = {
			isa = PBXGroup;
			children = (
				7D8A006B280812A6008F0BE2 /* HW-24 Alamofire project.app */,
			);
			name = Products;
			sourceTree = "<group>";
		};
		7D8A006D280812A6008F0BE2 /* HW-24 Alamofire project */ = {
			isa = PBXGroup;
			children = (
				7D045161280C20B00005A780 /* HW-24-Alamofire-project-Info.plist */,
				7D8A008D280AAF37008F0BE2 /* Extensions */,
				7D8A0088280815C0008F0BE2 /* Models */,
				7D8A0085280815AB008F0BE2 /* Controllers */,
				7D8A008028081567008F0BE2 /* Views */,
				7D045164280C21480005A780 /* Fonts */,
				7D8A007F2808154D008F0BE2 /* Settings */,
			);
			path = "HW-24 Alamofire project";
			sourceTree = "<group>";
		};
		7D8A0074280812A8008F0BE2 /* Preview Content */ = {
			isa = PBXGroup;
			children = (
				7D8A0075280812A8008F0BE2 /* Preview Assets.xcassets */,
			);
			path = "Preview Content";
			sourceTree = "<group>";
		};
		7D8A007F2808154D008F0BE2 /* Settings */ = {
			isa = PBXGroup;
			children = (
				7D8A006E280812A6008F0BE2 /* HW_24_Alamofire_projectApp.swift */,
				7D8A0072280812A8008F0BE2 /* Assets.xcassets */,
				7D8A0074280812A8008F0BE2 /* Preview Content */,
			);
			path = Settings;
			sourceTree = "<group>";
		};
		7D8A008028081567008F0BE2 /* Views */ = {
			isa = PBXGroup;
			children = (
				7D8A0070280812A6008F0BE2 /* ContentView.swift */,
				7D8A00812808157F008F0BE2 /* CellView.swift */,
				7D8A0083280815A4008F0BE2 /* TableView.swift */,
				7D5E6494280CAD4F0039BF8D /* ComicsListView.swift */,
				7D5E649628107A7A0039BF8D /* SpiderManList.swift */,
			);
			path = Views;
			sourceTree = "<group>";
		};
		7D8A0085280815AB008F0BE2 /* Controllers */ = {
			isa = PBXGroup;
			children = (
				7D8A0086280815BB008F0BE2 /* NetworkManager.swift */,
				7D8A0090280B54D2008F0BE2 /* Controller.swift */,
			);
			path = Controllers;
			sourceTree = "<group>";
		};
		7D8A0088280815C0008F0BE2 /* Models */ = {
			isa = PBXGroup;
			children = (
				7D8A0089280815D2008F0BE2 /* CardModel.swift */,
				7D8A008B280AAF0C008F0BE2 /* URLConfiguration.swift */,
			);
			path = Models;
			sourceTree = "<group>";
		};
		7D8A008D280AAF37008F0BE2 /* Extensions */ = {
			isa = PBXGroup;
			children = (
				7D8A008E280AAF4F008F0BE2 /* StringExtension.swift */,
				7D60F361280C28A800C33F39 /* ColorExtension.swift */,
			);
			path = Extensions;
			sourceTree = "<group>";
		};
/* End PBXGroup section */

/* Begin PBXNativeTarget section */
		7D8A006A280812A6008F0BE2 /* HW-24 Alamofire project */ = {
			isa = PBXNativeTarget;
			buildConfigurationList = 7D8A0079280812A8008F0BE2 /* Build configuration list for PBXNativeTarget "HW-24 Alamofire project" */;
			buildPhases = (
				7D8A0067280812A6008F0BE2 /* Sources */,
				7D8A0068280812A6008F0BE2 /* Frameworks */,
				7D8A0069280812A6008F0BE2 /* Resources */,
			);
			buildRules = (
			);
			dependencies = (
			);
			name = "HW-24 Alamofire project";
			packageProductDependencies = (
				7D8A007D2808152E008F0BE2 /* Alamofire */,
			);
			productName = "HW-24 Alamofire project";
			productReference = 7D8A006B280812A6008F0BE2 /* HW-24 Alamofire project.app */;
			productType = "com.apple.product-type.application";
		};
/* End PBXNativeTarget section */

/* Begin PBXProject section */
		7D8A0063280812A6008F0BE2 /* Project object */ = {
			isa = PBXProject;
			attributes = {
				BuildIndependentTargetsInParallel = 1;
				LastSwiftUpdateCheck = 1330;
				LastUpgradeCheck = 1330;
				TargetAttributes = {
					7D8A006A280812A6008F0BE2 = {
						CreatedOnToolsVersion = 13.3;
					};
				};
			};
			buildConfigurationList = 7D8A0066280812A6008F0BE2 /* Build configuration list for PBXProject "HW-24 Alamofire project" */;
			compatibilityVersion = "Xcode 13.0";
			developmentRegion = en;
			hasScannedForEncodings = 0;
			knownRegions = (
				en,
				Base,
			);
			mainGroup = 7D8A0062280812A6008F0BE2;
			packageReferences = (
				7D8A007C2808152E008F0BE2 /* XCRemoteSwiftPackageReference "Alamofire" */,
			);
			productRefGroup = 7D8A006C280812A6008F0BE2 /* Products */;
			projectDirPath = "";
			projectRoot = "";
			targets = (
				7D8A006A280812A6008F0BE2 /* HW-24 Alamofire project */,
			);
		};
/* End PBXProject section */

/* Begin PBXResourcesBuildPhase section */
		7D8A0069280812A6008F0BE2 /* Resources */ = {
			isa = PBXResourcesBuildPhase;
			buildActionMask = 2147483647;
			files = (
				7D8A0076280812A8008F0BE2 /* Preview Assets.xcassets in Resources */,
				7D045167280C22590005A780 /* marvel 2.otf in Resources */,
				7D8A0073280812A8008F0BE2 /* Assets.xcassets in Resources */,
			);
			runOnlyForDeploymentPostprocessing = 0;
		};
/* End PBXResourcesBuildPhase section */

/* Begin PBXSourcesBuildPhase section */
		7D8A0067280812A6008F0BE2 /* Sources */ = {
			isa = PBXSourcesBuildPhase;
			buildActionMask = 2147483647;
			files = (
				7D5E6495280CAD500039BF8D /* ComicsListView.swift in Sources */,
				7D8A0091280B54D2008F0BE2 /* Controller.swift in Sources */,
				7D5E649728107A7B0039BF8D /* SpiderManList.swift in Sources */,
				7D8A0071280812A6008F0BE2 /* ContentView.swift in Sources */,
				7D8A0084280815A5008F0BE2 /* TableView.swift in Sources */,
				7D8A0087280815BB008F0BE2 /* NetworkManager.swift in Sources */,
				7D8A008C280AAF0C008F0BE2 /* URLConfiguration.swift in Sources */,
				7D8A008F280AAF4F008F0BE2 /* StringExtension.swift in Sources */,
				7D8A006F280812A6008F0BE2 /* HW_24_Alamofire_projectApp.swift in Sources */,
				7D8A00822808157F008F0BE2 /* CellView.swift in Sources */,
				7D8A008A280815D2008F0BE2 /* CardModel.swift in Sources */,
				7D60F362280C28A800C33F39 /* ColorExtension.swift in Sources */,
			);
			runOnlyForDeploymentPostprocessing = 0;
		};
/* End PBXSourcesBuildPhase section */

/* Begin XCBuildConfiguration section */
		7D8A0077280812A8008F0BE2 /* Debug */ = {
			isa = XCBuildConfiguration;
			buildSettings = {
				ALWAYS_SEARCH_USER_PATHS = NO;
				CLANG_ANALYZER_NONNULL = YES;
				CLANG_ANALYZER_NUMBER_OBJECT_CONVERSION = YES_AGGRESSIVE;
				CLANG_CXX_LANGUAGE_STANDARD = "gnu++17";
				CLANG_ENABLE_MODULES = YES;
				CLANG_ENABLE_OBJC_ARC = YES;
				CLANG_ENABLE_OBJC_WEAK = YES;
				CLANG_WARN_BLOCK_CAPTURE_AUTORELEASING = YES;
				CLANG_WARN_BOOL_CONVERSION = YES;
				CLANG_WARN_COMMA = YES;
				CLANG_WARN_CONSTANT_CONVERSION = YES;
				CLANG_WARN_DEPRECATED_OBJC_IMPLEMENTATIONS = YES;
				CLANG_WARN_DIRECT_OBJC_ISA_USAGE = YES_ERROR;
				CLANG_WARN_DOCUMENTATION_COMMENTS = YES;
				CLANG_WARN_EMPTY_BODY = YES;
				CLANG_WARN_ENUM_CONVERSION = YES;
				CLANG_WARN_INFINITE_RECURSION = YES;
				CLANG_WARN_INT_CONVERSION = YES;
				CLANG_WARN_NON_LITERAL_NULL_CONVERSION = YES;
				CLANG_WARN_OBJC_IMPLICIT_RETAIN_SELF = YES;
				CLANG_WARN_OBJC_LITERAL_CONVERSION = YES;
				CLANG_WARN_OBJC_ROOT_CLASS = YES_ERROR;
				CLANG_WARN_QUOTED_INCLUDE_IN_FRAMEWORK_HEADER = YES;
				CLANG_WARN_RANGE_LOOP_ANALYSIS = YES;
				CLANG_WARN_STRICT_PROTOTYPES = YES;
				CLANG_WARN_SUSPICIOUS_MOVE = YES;
				CLANG_WARN_UNGUARDED_AVAILABILITY = YES_AGGRESSIVE;
				CLANG_WARN_UNREACHABLE_CODE = YES;
				CLANG_WARN__DUPLICATE_METHOD_MATCH = YES;
				COPY_PHASE_STRIP = NO;
				DEBUG_INFORMATION_FORMAT = dwarf;
				ENABLE_STRICT_OBJC_MSGSEND = YES;
				ENABLE_TESTABILITY = YES;
				GCC_C_LANGUAGE_STANDARD = gnu11;
				GCC_DYNAMIC_NO_PIC = NO;
				GCC_NO_COMMON_BLOCKS = YES;
				GCC_OPTIMIZATION_LEVEL = 0;
				GCC_PREPROCESSOR_DEFINITIONS = (
					"DEBUG=1",
					"$(inherited)",
				);
				GCC_WARN_64_TO_32_BIT_CONVERSION = YES;
				GCC_WARN_ABOUT_RETURN_TYPE = YES_ERROR;
				GCC_WARN_UNDECLARED_SELECTOR = YES;
				GCC_WARN_UNINITIALIZED_AUTOS = YES_AGGRESSIVE;
				GCC_WARN_UNUSED_FUNCTION = YES;
				GCC_WARN_UNUSED_VARIABLE = YES;
				IPHONEOS_DEPLOYMENT_TARGET = 15.4;
				MTL_ENABLE_DEBUG_INFO = INCLUDE_SOURCE;
				MTL_FAST_MATH = YES;
				ONLY_ACTIVE_ARCH = YES;
				SDKROOT = iphoneos;
				SWIFT_ACTIVE_COMPILATION_CONDITIONS = DEBUG;
				SWIFT_OPTIMIZATION_LEVEL = "-Onone";
			};
			name = Debug;
		};
		7D8A0078280812A8008F0BE2 /* Release */ = {
			isa = XCBuildConfiguration;
			buildSettings = {
				ALWAYS_SEARCH_USER_PATHS = NO;
				CLANG_ANALYZER_NONNULL = YES;
				CLANG_ANALYZER_NUMBER_OBJECT_CONVERSION = YES_AGGRESSIVE;
				CLANG_CXX_LANGUAGE_STANDARD = "gnu++17";
				CLANG_ENABLE_MODULES = YES;
				CLANG_ENABLE_OBJC_ARC = YES;
				CLANG_ENABLE_OBJC_WEAK = YES;
				CLANG_WARN_BLOCK_CAPTURE_AUTORELEASING = YES;
				CLANG_WARN_BOOL_CONVERSION = YES;
				CLANG_WARN_COMMA = YES;
				CLANG_WARN_CONSTANT_CONVERSION = YES;
				CLANG_WARN_DEPRECATED_OBJC_IMPLEMENTATIONS = YES;
				CLANG_WARN_DIRECT_OBJC_ISA_USAGE = YES_ERROR;
				CLANG_WARN_DOCUMENTATION_COMMENTS = YES;
				CLANG_WARN_EMPTY_BODY = YES;
				CLANG_WARN_ENUM_CONVERSION = YES;
				CLANG_WARN_INFINITE_RECURSION = YES;
				CLANG_WARN_INT_CONVERSION = YES;
				CLANG_WARN_NON_LITERAL_NULL_CONVERSION = YES;
				CLANG_WARN_OBJC_IMPLICIT_RETAIN_SELF = YES;
				CLANG_WARN_OBJC_LITERAL_CONVERSION = YES;
				CLANG_WARN_OBJC_ROOT_CLASS = YES_ERROR;
				CLANG_WARN_QUOTED_INCLUDE_IN_FRAMEWORK_HEADER = YES;
				CLANG_WARN_RANGE_LOOP_ANALYSIS = YES;
				CLANG_WARN_STRICT_PROTOTYPES = YES;
				CLANG_WARN_SUSPICIOUS_MOVE = YES;
				CLANG_WARN_UNGUARDED_AVAILABILITY = YES_AGGRESSIVE;
				CLANG_WARN_UNREACHABLE_CODE = YES;
				CLANG_WARN__DUPLICATE_METHOD_MATCH = YES;
				COPY_PHASE_STRIP = NO;
				DEBUG_INFORMATION_FORMAT = "dwarf-with-dsym";
				ENABLE_NS_ASSERTIONS = NO;
				ENABLE_STRICT_OBJC_MSGSEND = YES;
				GCC_C_LANGUAGE_STANDARD = gnu11;
				GCC_NO_COMMON_BLOCKS = YES;
				GCC_WARN_64_TO_32_BIT_CONVERSION = YES;
				GCC_WARN_ABOUT_RETURN_TYPE = YES_ERROR;
				GCC_WARN_UNDECLARED_SELECTOR = YES;
				GCC_WARN_UNINITIALIZED_AUTOS = YES_AGGRESSIVE;
				GCC_WARN_UNUSED_FUNCTION = YES;
				GCC_WARN_UNUSED_VARIABLE = YES;
				IPHONEOS_DEPLOYMENT_TARGET = 15.4;
				MTL_ENABLE_DEBUG_INFO = NO;
				MTL_FAST_MATH = YES;
				SDKROOT = iphoneos;
				SWIFT_COMPILATION_MODE = wholemodule;
				SWIFT_OPTIMIZATION_LEVEL = "-O";
				VALIDATE_PRODUCT = YES;
			};
			name = Release;
		};
		7D8A007A280812A8008F0BE2 /* Debug */ = {
			isa = XCBuildConfiguration;
			buildSettings = {
				ASSETCATALOG_COMPILER_APPICON_NAME = AppIcon;
				ASSETCATALOG_COMPILER_GLOBAL_ACCENT_COLOR_NAME = AccentColor;
				CODE_SIGN_STYLE = Automatic;
				CURRENT_PROJECT_VERSION = 1;
				DEVELOPMENT_ASSET_PATHS = "\"HW-24 Alamofire project/Settings/Preview Content\"";
				DEVELOPMENT_TEAM = KLXCSA6KUV;
				ENABLE_PREVIEWS = YES;
				GENERATE_INFOPLIST_FILE = YES;
				INFOPLIST_FILE = "HW-24-Alamofire-project-Info.plist";
				INFOPLIST_KEY_UIApplicationSceneManifest_Generation = YES;
				INFOPLIST_KEY_UIApplicationSupportsIndirectInputEvents = YES;
				INFOPLIST_KEY_UILaunchScreen_Generation = YES;
				INFOPLIST_KEY_UISupportedInterfaceOrientations_iPad = "UIInterfaceOrientationPortrait UIInterfaceOrientationPortraitUpsideDown UIInterfaceOrientationLandscapeLeft UIInterfaceOrientationLandscapeRight";
				INFOPLIST_KEY_UISupportedInterfaceOrientations_iPhone = "UIInterfaceOrientationPortrait UIInterfaceOrientationLandscapeLeft UIInterfaceOrientationLandscapeRight";
				LD_RUNPATH_SEARCH_PATHS = (
					"$(inherited)",
					"@executable_path/Frameworks",
				);
				MARKETING_VERSION = 1.0;
				PRODUCT_BUNDLE_IDENTIFIER = "DimkaVinka.HW-24-Alamofire-project";
				PRODUCT_NAME = "$(TARGET_NAME)";
				SWIFT_EMIT_LOC_STRINGS = YES;
				SWIFT_VERSION = 5.0;
				TARGETED_DEVICE_FAMILY = 1;
			};
			name = Debug;
		};
		7D8A007B280812A8008F0BE2 /* Release */ = {
			isa = XCBuildConfiguration;
			buildSettings = {
				ASSETCATALOG_COMPILER_APPICON_NAME = AppIcon;
				ASSETCATALOG_COMPILER_GLOBAL_ACCENT_COLOR_NAME = AccentColor;
				CODE_SIGN_STYLE = Automatic;
				CURRENT_PROJECT_VERSION = 1;
				DEVELOPMENT_ASSET_PATHS = "\"HW-24 Alamofire project/Settings/Preview Content\"";
				DEVELOPMENT_TEAM = KLXCSA6KUV;
				ENABLE_PREVIEWS = YES;
				GENERATE_INFOPLIST_FILE = YES;
				INFOPLIST_FILE = "HW-24-Alamofire-project-Info.plist";
				INFOPLIST_KEY_UIApplicationSceneManifest_Generation = YES;
				INFOPLIST_KEY_UIApplicationSupportsIndirectInputEvents = YES;
				INFOPLIST_KEY_UILaunchScreen_Generation = YES;
				INFOPLIST_KEY_UISupportedInterfaceOrientations_iPad = "UIInterfaceOrientationPortrait UIInterfaceOrientationPortraitUpsideDown UIInterfaceOrientationLandscapeLeft UIInterfaceOrientationLandscapeRight";
				INFOPLIST_KEY_UISupportedInterfaceOrientations_iPhone = "UIInterfaceOrientationPortrait UIInterfaceOrientationLandscapeLeft UIInterfaceOrientationLandscapeRight";
				LD_RUNPATH_SEARCH_PATHS = (
					"$(inherited)",
					"@executable_path/Frameworks",
				);
				MARKETING_VERSION = 1.0;
				PRODUCT_BUNDLE_IDENTIFIER = "DimkaVinka.HW-24-Alamofire-project";
				PRODUCT_NAME = "$(TARGET_NAME)";
				SWIFT_EMIT_LOC_STRINGS = YES;
				SWIFT_VERSION = 5.0;
				TARGETED_DEVICE_FAMILY = 1;
			};
			name = Release;
		};
/* End XCBuildConfiguration section */

/* Begin XCConfigurationList section */
		7D8A0066280812A6008F0BE2 /* Build configuration list for PBXProject "HW-24 Alamofire project" */ = {
			isa = XCConfigurationList;
			buildConfigurations = (
				7D8A0077280812A8008F0BE2 /* Debug */,
				7D8A0078280812A8008F0BE2 /* Release */,
			);
			defaultConfigurationIsVisible = 0;
			defaultConfigurationName = Release;
		};
		7D8A0079280812A8008F0BE2 /* Build configuration list for PBXNativeTarget "HW-24 Alamofire project" */ = {
			isa = XCConfigurationList;
			buildConfigurations = (
				7D8A007A280812A8008F0BE2 /* Debug */,
				7D8A007B280812A8008F0BE2 /* Release */,
			);
			defaultConfigurationIsVisible = 0;
			defaultConfigurationName = Release;
		};
/* End XCConfigurationList section */

/* Begin XCRemoteSwiftPackageReference section */
		7D8A007C2808152E008F0BE2 /* XCRemoteSwiftPackageReference "Alamofire" */ = {
			isa = XCRemoteSwiftPackageReference;
			repositoryURL = "https://github.com/Alamofire/Alamofire.git";
			requirement = {
				branch = master;
				kind = branch;
			};
		};
/* End XCRemoteSwiftPackageReference section */

/* Begin XCSwiftPackageProductDependency section */
		7D8A007D2808152E008F0BE2 /* Alamofire */ = {
			isa = XCSwiftPackageProductDependency;
			package = 7D8A007C2808152E008F0BE2 /* XCRemoteSwiftPackageReference "Alamofire" */;
			productName = Alamofire;
		};
/* End XCSwiftPackageProductDependency section */
	};
	rootObject = 7D8A0063280812A6008F0BE2 /* Project object */;
}
